
Microsoft Visual Studio Solution File, Format Version 12.00
# Visual Studio 2013
VisualStudioVersion = 12.0.31101.0
MinimumVisualStudioVersion = 10.0.40219.1
Project("{FAE04EC0-301F-11D3-BF4B-00C04F79EFBC}") = "Opgave2", "Opgave2\Opgave2.csproj", "{67CFFC3E-75DA-4F64-91AA-0CCBD20D8ABD}"
EndProject
Project("{FAE04EC0-301F-11D3-BF4B-00C04F79EFBC}") = "Gemeenschap", "Opgave2Gemeenschap\Gemeenschap.csproj", "{848D2C2E-122B-4ECC-B587-28A648279813}"
EndProject
Project("{FAE04EC0-301F-11D3-BF4B-00C04F79EFBC}") = "Opgave4", "Opgave3\Opgave4.csproj", "{24739582-325B-4DFA-BC48-A61F712A20F8}"
EndProject
Project("{FAE04EC0-301F-11D3-BF4B-00C04F79EFBC}") = "Opgave5", "Opgave5\Opgave5.csproj", "{70D5CEF8-17FE-4709-8768-1D952D096ED0}"
EndProject
Project("{FAE04EC0-301F-11D3-BF4B-00C04F79EFBC}") = "Opgave6", "Opgave6\Opgave6.csproj", "{3B8B9F0C-F52F-49A4-97DC-0BFFE0D1ADF3}"
EndProject
Project("{FAE04EC0-301F-11D3-BF4B-00C04F79EFBC}") = "Opgave 8", "Opgave 8\Opgave 8.csproj", "{BEEBB2D0-43F3-4193-AB3C-E3E4709D4EA7}"
EndProject
Global
	GlobalSection(SolutionConfigurationPlatforms) = preSolution
		Debug|Any CPU = Debug|Any CPU
		Release|Any CPU = Release|Any CPU
	EndGlobalSection
	GlobalSection(ProjectConfigurationPlatforms) = postSolution
		{67CFFC3E-75DA-4F64-91AA-0CCBD20D8ABD}.Debug|Any CPU.ActiveCfg = Debug|Any CPU
		{67CFFC3E-75DA-4F64-91AA-0CCBD20D8ABD}.Debug|Any CPU.Build.0 = Debug|Any CPU
		{67CFFC3E-75DA-4F64-91AA-0CCBD20D8ABD}.Release|Any CPU.ActiveCfg = Release|Any CPU
		{67CFFC3E-75DA-4F64-91AA-0CCBD20D8ABD}.Release|Any CPU.Build.0 = Release|Any CPU
		{848D2C2E-122B-4ECC-B587-28A648279813}.Debug|Any CPU.ActiveCfg = Debug|Any CPU
		{848D2C2E-122B-4ECC-B587-28A648279813}.Debug|Any CPU.Build.0 = Debug|Any CPU
		{848D2C2E-122B-4ECC-B587-28A648279813}.Release|Any CPU.ActiveCfg = Release|Any CPU
		{848D2C2E-122B-4ECC-B587-28A648279813}.Release|Any CPU.Build.0 = Release|Any CPU
		{24739582-325B-4DFA-BC48-A61F712A20F8}.Debug|Any CPU.ActiveCfg = Debug|Any CPU
		{24739582-325B-4DFA-BC48-A61F712A20F8}.Debug|Any CPU.Build.0 = Debug|Any CPU
		{24739582-325B-4DFA-BC48-A61F712A20F8}.Release|Any CPU.ActiveCfg = Release|Any CPU
		{24739582-325B-4DFA-BC48-A61F712A20F8}.Release|Any CPU.Build.0 = Release|Any CPU
		{70D5CEF8-17FE-4709-8768-1D952D096ED0}.Debug|Any CPU.ActiveCfg = Debug|Any CPU
		{70D5CEF8-17FE-4709-8768-1D952D096ED0}.Debug|Any CPU.Build.0 = Debug|Any CPU
		{70D5CEF8-17FE-4709-8768-1D952D096ED0}.Release|Any CPU.ActiveCfg = Release|Any CPU
		{70D5CEF8-17FE-4709-8768-1D952D096ED0}.Release|Any CPU.Build.0 = Release|Any CPU
		{3B8B9F0C-F52F-49A4-97DC-0BFFE0D1ADF3}.Debug|Any CPU.ActiveCfg = Debug|Any CPU
		{3B8B9F0C-F52F-49A4-97DC-0BFFE0D1ADF3}.Debug|Any CPU.Build.0 = Debug|Any CPU
		{3B8B9F0C-F52F-49A4-97DC-0BFFE0D1ADF3}.Release|Any CPU.ActiveCfg = Release|Any CPU
		{3B8B9F0C-F52F-49A4-97DC-0BFFE0D1ADF3}.Release|Any CPU.Build.0 = Release|Any CPU
		{BEEBB2D0-43F3-4193-AB3C-E3E4709D4EA7}.Debug|Any CPU.ActiveCfg = Debug|Any CPU
		{BEEBB2D0-43F3-4193-AB3C-E3E4709D4EA7}.Debug|Any CPU.Build.0 = Debug|Any CPU
		{BEEBB2D0-43F3-4193-AB3C-E3E4709D4EA7}.Release|Any CPU.ActiveCfg = Release|Any CPU
		{BEEBB2D0-43F3-4193-AB3C-E3E4709D4EA7}.Release|Any CPU.Build.0 = Release|Any CPU
	EndGlobalSection
	GlobalSection(SolutionProperties) = preSolution
		HideSolutionNode = FALSE
	EndGlobalSection
EndGlobal
